Microsoft Visual Studio Solution File, Format Version 12.00
# Visual Studio Version 17
VisualStudioVersion = 17.5.2.0
MinimumVisualStudioVersion = 10.0.40219.1
Project("{FAE04EC0-301F-11D3-BF4B-00C04F79EFBC}") = "ambre.application", "ambre.application\ambre.application.csproj", "{B14F6CB2-259B-1228-2FEC-957A91B8216F}"
EndProject
Project("{FAE04EC0-301F-11D3-BF4B-00C04F79EFBC}") = "ambre.webapi", "ambre.webapi\ambre.webapi.csproj", "{9601420B-5590-B4AC-46DD-CC5C380FC780}"
EndProject
Project("{FAE04EC0-301F-11D3-BF4B-00C04F79EFBC}") = "ambre.repository", "ambre.repository\ambre.repository.csproj", "{AE7C5C22-1B99-10B1-7DF1-890F21DB9DA5}"
EndProject
Project("{2150E333-8FDC-42A3-9474-1A3956D46DE8}") = "ambre.unittests", "ambre.unittests", "{21B4E8CE-993F-139D-A2F6-4C99E0255271}"
EndProject
Project("{FAE04EC0-301F-11D3-BF4B-00C04F79EFBC}") = "ambre.application.unitTests", "ambre.unittests\ambre.application.unitTests\ambre.application.unitTests.csproj", "{C0927FB4-CE14-55E8-E649-D4EA1443636F}"
EndProject
Global
	GlobalSection(SolutionConfigurationPlatforms) = preSolution
		Debug|Any CPU = Debug|Any CPU
		Release|Any CPU = Release|Any CPU
	EndGlobalSection
	GlobalSection(ProjectConfigurationPlatforms) = postSolution
		{B14F6CB2-259B-1228-2FEC-957A91B8216F}.Debug|Any CPU.ActiveCfg = Debug|Any CPU
		{B14F6CB2-259B-1228-2FEC-957A91B8216F}.Debug|Any CPU.Build.0 = Debug|Any CPU
		{B14F6CB2-259B-1228-2FEC-957A91B8216F}.Release|Any CPU.ActiveCfg = Release|Any CPU
		{B14F6CB2-259B-1228-2FEC-957A91B8216F}.Release|Any CPU.Build.0 = Release|Any CPU
		{9601420B-5590-B4AC-46DD-CC5C380FC780}.Debug|Any CPU.ActiveCfg = Debug|Any CPU
		{9601420B-5590-B4AC-46DD-CC5C380FC780}.Debug|Any CPU.Build.0 = Debug|Any CPU
		{9601420B-5590-B4AC-46DD-CC5C380FC780}.Release|Any CPU.ActiveCfg = Release|Any CPU
		{9601420B-5590-B4AC-46DD-CC5C380FC780}.Release|Any CPU.Build.0 = Release|Any CPU
		{AE7C5C22-1B99-10B1-7DF1-890F21DB9DA5}.Debug|Any CPU.ActiveCfg = Debug|Any CPU
		{AE7C5C22-1B99-10B1-7DF1-890F21DB9DA5}.Debug|Any CPU.Build.0 = Debug|Any CPU
		{AE7C5C22-1B99-10B1-7DF1-890F21DB9DA5}.Release|Any CPU.ActiveCfg = Release|Any CPU
		{AE7C5C22-1B99-10B1-7DF1-890F21DB9DA5}.Release|Any CPU.Build.0 = Release|Any CPU
		{C0927FB4-CE14-55E8-E649-D4EA1443636F}.Debug|Any CPU.ActiveCfg = Debug|Any CPU
		{C0927FB4-CE14-55E8-E649-D4EA1443636F}.Debug|Any CPU.Build.0 = Debug|Any CPU
		{C0927FB4-CE14-55E8-E649-D4EA1443636F}.Release|Any CPU.ActiveCfg = Release|Any CPU
		{C0927FB4-CE14-55E8-E649-D4EA1443636F}.Release|Any CPU.Build.0 = Release|Any CPU
	EndGlobalSection
	GlobalSection(SolutionProperties) = preSolution
		HideSolutionNode = FALSE
	EndGlobalSection
	GlobalSection(NestedProjects) = preSolution
		{C0927FB4-CE14-55E8-E649-D4EA1443636F} = {21B4E8CE-993F-139D-A2F6-4C99E0255271}
	EndGlobalSection
	GlobalSection(ExtensibilityGlobals) = postSolution
		SolutionGuid = {FE0D8862-E5EF-4E25-AC3E-FDD30145A7FE}
	EndGlobalSection
EndGlobal
